// !$*UTF8*$!
{
	archiveVersion = 1;
	classes = {
	};
	objectVersion = 55;
	objects = {

/* Begin PBXBuildFile section */
		163AE32D29B704EB007CAA6B /* AppDelegate.swift in Sources */ = {isa = PBXBuildFile; fileRef = 163AE32C29B704EB007CAA6B /* AppDelegate.swift */; };
		163AE32F29B704EB007CAA6B /* SceneDelegate.swift in Sources */ = {isa = PBXBuildFile; fileRef = 163AE32E29B704EB007CAA6B /* SceneDelegate.swift */; };
		163AE33429B704EB007CAA6B /* Main.storyboard in Resources */ = {isa = PBXBuildFile; fileRef = 163AE33229B704EB007CAA6B /* Main.storyboard */; };
		163AE33729B704EB007CAA6B /* BostaTask.xcdatamodeld in Sources */ = {isa = PBXBuildFile; fileRef = 163AE33529B704EB007CAA6B /* BostaTask.xcdatamodeld */; };
		163AE33929B704ED007CAA6B /* Assets.xcassets in Resources */ = {isa = PBXBuildFile; fileRef = 163AE33829B704ED007CAA6B /* Assets.xcassets */; };
		163AE33C29B704ED007CAA6B /* LaunchScreen.storyboard in Resources */ = {isa = PBXBuildFile; fileRef = 163AE33A29B704ED007CAA6B /* LaunchScreen.storyboard */; };
		16B353CC29B8472A001059AC /* AlbumDetailsViewModel.swift in Sources */ = {isa = PBXBuildFile; fileRef = 16B353CB29B8472A001059AC /* AlbumDetailsViewModel.swift */; };
		16B353D429B856F5001059AC /* RxCocoa in Frameworks */ = {isa = PBXBuildFile; productRef = 16B353D329B856F5001059AC /* RxCocoa */; };
		16BB222A29B70DD200474711 /* Kingfisher in Frameworks */ = {isa = PBXBuildFile; productRef = 16BB222929B70DD200474711 /* Kingfisher */; };
		16BB222D29B70E7400474711 /* CombineMoya in Frameworks */ = {isa = PBXBuildFile; productRef = 16BB222C29B70E7400474711 /* CombineMoya */; };
		16BB222F29B70E7400474711 /* Moya in Frameworks */ = {isa = PBXBuildFile; productRef = 16BB222E29B70E7400474711 /* Moya */; };
		16BB223129B70E7400474711 /* ReactiveMoya in Frameworks */ = {isa = PBXBuildFile; productRef = 16BB223029B70E7400474711 /* ReactiveMoya */; };
		16BB223329B70E7400474711 /* RxMoya in Frameworks */ = {isa = PBXBuildFile; productRef = 16BB223229B70E7400474711 /* RxMoya */; };
		16BB223529B7110000474711 /* UserProfileViewController.swift in Sources */ = {isa = PBXBuildFile; fileRef = 16BB223429B7110000474711 /* UserProfileViewController.swift */; };
		16BB223929B717C600474711 /* UserAlbumsTableViewCell.swift in Sources */ = {isa = PBXBuildFile; fileRef = 16BB223729B717C600474711 /* UserAlbumsTableViewCell.swift */; };
		16BB223A29B717C600474711 /* UserAlbumsTableViewCell.xib in Resources */ = {isa = PBXBuildFile; fileRef = 16BB223829B717C600474711 /* UserAlbumsTableViewCell.xib */; };
		16BB223D29B71D8400474711 /* AlbumDetailsViewController.swift in Sources */ = {isa = PBXBuildFile; fileRef = 16BB223C29B71D8400474711 /* AlbumDetailsViewController.swift */; };
		16BB224129B71F3C00474711 /* PhotoCollectionViewCell.swift in Sources */ = {isa = PBXBuildFile; fileRef = 16BB223F29B71F3C00474711 /* PhotoCollectionViewCell.swift */; };
		16BB224229B71F3C00474711 /* PhotoCollectionViewCell.xib in Resources */ = {isa = PBXBuildFile; fileRef = 16BB224029B71F3C00474711 /* PhotoCollectionViewCell.xib */; };
		16BB224529B7288100474711 /* APIServices.swift in Sources */ = {isa = PBXBuildFile; fileRef = 16BB224429B7288100474711 /* APIServices.swift */; };
		16BB224729B7289600474711 /* NetworkManager.swift in Sources */ = {isa = PBXBuildFile; fileRef = 16BB224629B7289600474711 /* NetworkManager.swift */; };
		16BB224929B7290B00474711 /* Constant.swift in Sources */ = {isa = PBXBuildFile; fileRef = 16BB224829B7290B00474711 /* Constant.swift */; };
		16BB224C29B7294000474711 /* ResponseError.swift in Sources */ = {isa = PBXBuildFile; fileRef = 16BB224B29B7294000474711 /* ResponseError.swift */; };
		16BB224E29B72C9200474711 /* User.swift in Sources */ = {isa = PBXBuildFile; fileRef = 16BB224D29B72C9200474711 /* User.swift */; };
		16BB225029B72CA500474711 /* Album.swift in Sources */ = {isa = PBXBuildFile; fileRef = 16BB224F29B72CA500474711 /* Album.swift */; };
		16BB225229B72CC200474711 /* Photo.swift in Sources */ = {isa = PBXBuildFile; fileRef = 16BB225129B72CC200474711 /* Photo.swift */; };
		16BB225429B73CF000474711 /* UserProfileViewModel.swift in Sources */ = {isa = PBXBuildFile; fileRef = 16BB225329B73CF000474711 /* UserProfileViewModel.swift */; };
		A992BFD4CD89E64E211EA293 /* Pods_BostaTask.framework in Frameworks */ = {isa = PBXBuildFile; fileRef = 17D3D55E7181C902523EBEB6 /* Pods_BostaTask.framework */; };
/* End PBXBuildFile section */

/* Begin PBXFileReference section */
		163AE32929B704EB007CAA6B /* BostaTask.app */ = {isa = PBXFileReference; explicitFileType = wrapper.application; includeInIndex = 0; path = BostaTask.app; sourceTree = BUILT_PRODUCTS_DIR; };
		163AE32C29B704EB007CAA6B /* AppDelegate.swift */ = {isa = PBXFileReference; lastKnownFileType = sourcecode.swift; path = AppDelegate.swift; sourceTree = "<group>"; };
		163AE32E29B704EB007CAA6B /* SceneDelegate.swift */ = {isa = PBXFileReference; lastKnownFileType = sourcecode.swift; path = SceneDelegate.swift; sourceTree = "<group>"; };
		163AE33329B704EB007CAA6B /* Base */ = {isa = PBXFileReference; lastKnownFileType = file.storyboard; name = Base; path = Base.lproj/Main.storyboard; sourceTree = "<group>"; };
		163AE33629B704EB007CAA6B /* BostaTask.xcdatamodel */ = {isa = PBXFileReference; lastKnownFileType = wrapper.xcdatamodel; path = BostaTask.xcdatamodel; sourceTree = "<group>"; };
		163AE33829B704ED007CAA6B /* Assets.xcassets */ = {isa = PBXFileReference; lastKnownFileType = folder.assetcatalog; path = Assets.xcassets; sourceTree = "<group>"; };
		163AE33B29B704ED007CAA6B /* Base */ = {isa = PBXFileReference; lastKnownFileType = file.storyboard; name = Base; path = Base.lproj/LaunchScreen.storyboard; sourceTree = "<group>"; };
		163AE33D29B704ED007CAA6B /* Info.plist */ = {isa = PBXFileReference; lastKnownFileType = text.plist.xml; path = Info.plist; sourceTree = "<group>"; };
		16B353CB29B8472A001059AC /* AlbumDetailsViewModel.swift */ = {isa = PBXFileReference; lastKnownFileType = sourcecode.swift; path = AlbumDetailsViewModel.swift; sourceTree = "<group>"; };
		16BB223429B7110000474711 /* UserProfileViewController.swift */ = {isa = PBXFileReference; lastKnownFileType = sourcecode.swift; path = UserProfileViewController.swift; sourceTree = "<group>"; };
		16BB223729B717C600474711 /* UserAlbumsTableViewCell.swift */ = {isa = PBXFileReference; lastKnownFileType = sourcecode.swift; path = UserAlbumsTableViewCell.swift; sourceTree = "<group>"; };
		16BB223829B717C600474711 /* UserAlbumsTableViewCell.xib */ = {isa = PBXFileReference; lastKnownFileType = file.xib; path = UserAlbumsTableViewCell.xib; sourceTree = "<group>"; };
		16BB223C29B71D8400474711 /* AlbumDetailsViewController.swift */ = {isa = PBXFileReference; lastKnownFileType = sourcecode.swift; path = AlbumDetailsViewController.swift; sourceTree = "<group>"; };
		16BB223F29B71F3C00474711 /* PhotoCollectionViewCell.swift */ = {isa = PBXFileReference; lastKnownFileType = sourcecode.swift; path = PhotoCollectionViewCell.swift; sourceTree = "<group>"; };
		16BB224029B71F3C00474711 /* PhotoCollectionViewCell.xib */ = {isa = PBXFileReference; lastKnownFileType = file.xib; path = PhotoCollectionViewCell.xib; sourceTree = "<group>"; };
		16BB224429B7288100474711 /* APIServices.swift */ = {isa = PBXFileReference; lastKnownFileType = sourcecode.swift; path = APIServices.swift; sourceTree = "<group>"; };
		16BB224629B7289600474711 /* NetworkManager.swift */ = {isa = PBXFileReference; lastKnownFileType = sourcecode.swift; path = NetworkManager.swift; sourceTree = "<group>"; };
		16BB224829B7290B00474711 /* Constant.swift */ = {isa = PBXFileReference; lastKnownFileType = sourcecode.swift; path = Constant.swift; sourceTree = "<group>"; };
		16BB224B29B7294000474711 /* ResponseError.swift */ = {isa = PBXFileReference; lastKnownFileType = sourcecode.swift; path = ResponseError.swift; sourceTree = "<group>"; };
		16BB224D29B72C9200474711 /* User.swift */ = {isa = PBXFileReference; lastKnownFileType = sourcecode.swift; path = User.swift; sourceTree = "<group>"; };
		16BB224F29B72CA500474711 /* Album.swift */ = {isa = PBXFileReference; lastKnownFileType = sourcecode.swift; path = Album.swift; sourceTree = "<group>"; };
		16BB225129B72CC200474711 /* Photo.swift */ = {isa = PBXFileReference; lastKnownFileType = sourcecode.swift; path = Photo.swift; sourceTree = "<group>"; };
		16BB225329B73CF000474711 /* UserProfileViewModel.swift */ = {isa = PBXFileReference; lastKnownFileType = sourcecode.swift; path = UserProfileViewModel.swift; sourceTree = "<group>"; };
		17D3D55E7181C902523EBEB6 /* Pods_BostaTask.framework */ = {isa = PBXFileReference; explicitFileType = wrapper.framework; includeInIndex = 0; path = Pods_BostaTask.framework; sourceTree = BUILT_PRODUCTS_DIR; };
		99FF77CEA6EAF1497D1E11A4 /* Pods-BostaTask.release.xcconfig */ = {isa = PBXFileReference; includeInIndex = 1; lastKnownFileType = text.xcconfig; name = "Pods-BostaTask.release.xcconfig"; path = "Target Support Files/Pods-BostaTask/Pods-BostaTask.release.xcconfig"; sourceTree = "<group>"; };
		B27C683AE9E5306728326F9B /* Pods-BostaTask.debug.xcconfig */ = {isa = PBXFileReference; includeInIndex = 1; lastKnownFileType = text.xcconfig; name = "Pods-BostaTask.debug.xcconfig"; path = "Target Support Files/Pods-BostaTask/Pods-BostaTask.debug.xcconfig"; sourceTree = "<group>"; };
/* End PBXFileReference section */

/* Begin PBXFrameworksBuildPhase section */
		163AE32629B704EB007CAA6B /* Frameworks */ = {
			isa = PBXFrameworksBuildPhase;
			buildActionMask = 2147483647;
			files = (
				16BB223329B70E7400474711 /* RxMoya in Frameworks */,
				16BB222A29B70DD200474711 /* Kingfisher in Frameworks */,
				A992BFD4CD89E64E211EA293 /* Pods_BostaTask.framework in Frameworks */,
				16B353D429B856F5001059AC /* RxCocoa in Frameworks */,
				16BB222F29B70E7400474711 /* Moya in Frameworks */,
				16BB223129B70E7400474711 /* ReactiveMoya in Frameworks */,
				16BB222D29B70E7400474711 /* CombineMoya in Frameworks */,
			);
			runOnlyForDeploymentPostprocessing = 0;
		};
/* End PBXFrameworksBuildPhase section */

/* Begin PBXGroup section */
		163AE32029B704EB007CAA6B = {
			isa = PBXGroup;
			children = (
				163AE32B29B704EB007CAA6B /* BostaTask */,
				163AE32A29B704EB007CAA6B /* Products */,
				1832248E07CA91BBD3C6203B /* Pods */,
				BB5AAE6F0441E203D32E8489 /* Frameworks */,
			);
			sourceTree = "<group>";
		};
		163AE32A29B704EB007CAA6B /* Products */ = {
			isa = PBXGroup;
			children = (
				163AE32929B704EB007CAA6B /* BostaTask.app */,
			);
			name = Products;
			sourceTree = "<group>";
		};
		163AE32B29B704EB007CAA6B /* BostaTask */ = {
			isa = PBXGroup;
			children = (
				16BB224A29B7291000474711 /* Utilities */,
				163AE34829B705BA007CAA6B /* App Delegate */,
				163AE34729B705B4007CAA6B /* Main */,
				163AE34629B705AE007CAA6B /* Network */,
				163AE34529B705A3007CAA6B /* View Model */,
				163AE34429B7059E007CAA6B /* View */,
				163AE34329B70596007CAA6B /* Model */,
				163AE33D29B704ED007CAA6B /* Info.plist */,
				163AE33529B704EB007CAA6B /* BostaTask.xcdatamodeld */,
			);
			path = BostaTask;
			sourceTree = "<group>";
		};
		163AE34329B70596007CAA6B /* Model */ = {
			isa = PBXGroup;
			children = (
				16BB224D29B72C9200474711 /* User.swift */,
				16BB224F29B72CA500474711 /* Album.swift */,
				16BB225129B72CC200474711 /* Photo.swift */,
			);
			path = Model;
			sourceTree = "<group>";
		};
		163AE34429B7059E007CAA6B /* View */ = {
			isa = PBXGroup;
			children = (
				16BB223E29B71D8A00474711 /* Album Details */,
				16BB223629B7110600474711 /* User Profile */,
			);
			path = View;
			sourceTree = "<group>";
		};
		163AE34529B705A3007CAA6B /* View Model */ = {
			isa = PBXGroup;
			children = (
				16BB225329B73CF000474711 /* UserProfileViewModel.swift */,
				16B353CB29B8472A001059AC /* AlbumDetailsViewModel.swift */,
			);
			path = "View Model";
			sourceTree = "<group>";
		};
		163AE34629B705AE007CAA6B /* Network */ = {
			isa = PBXGroup;
			children = (
				16BB224429B7288100474711 /* APIServices.swift */,
				16BB224629B7289600474711 /* NetworkManager.swift */,
			);
			path = Network;
			sourceTree = "<group>";
		};
		163AE34729B705B4007CAA6B /* Main */ = {
			isa = PBXGroup;
			children = (
				163AE33229B704EB007CAA6B /* Main.storyboard */,
				163AE33829B704ED007CAA6B /* Assets.xcassets */,
				163AE33A29B704ED007CAA6B /* LaunchScreen.storyboard */,
			);
			path = Main;
			sourceTree = "<group>";
		};
		163AE34829B705BA007CAA6B /* App Delegate */ = {
			isa = PBXGroup;
			children = (
				163AE32C29B704EB007CAA6B /* AppDelegate.swift */,
				163AE32E29B704EB007CAA6B /* SceneDelegate.swift */,
			);
			path = "App Delegate";
			sourceTree = "<group>";
		};
		16BB223629B7110600474711 /* User Profile */ = {
			isa = PBXGroup;
			children = (
				16BB223B29B71AC800474711 /* Cell */,
				16BB223429B7110000474711 /* UserProfileViewController.swift */,
			);
			path = "User Profile";
			sourceTree = "<group>";
		};
		16BB223B29B71AC800474711 /* Cell */ = {
			isa = PBXGroup;
			children = (
				16BB223729B717C600474711 /* UserAlbumsTableViewCell.swift */,
				16BB223829B717C600474711 /* UserAlbumsTableViewCell.xib */,
			);
			path = Cell;
			sourceTree = "<group>";
		};
		16BB223E29B71D8A00474711 /* Album Details */ = {
			isa = PBXGroup;
			children = (
				16BB224329B71F4100474711 /* Cell */,
				16BB223C29B71D8400474711 /* AlbumDetailsViewController.swift */,
			);
			path = "Album Details";
			sourceTree = "<group>";
		};
		16BB224329B71F4100474711 /* Cell */ = {
			isa = PBXGroup;
			children = (
				16BB223F29B71F3C00474711 /* PhotoCollectionViewCell.swift */,
				16BB224029B71F3C00474711 /* PhotoCollectionViewCell.xib */,
			);
			path = Cell;
			sourceTree = "<group>";
		};
		16BB224A29B7291000474711 /* Utilities */ = {
			isa = PBXGroup;
			children = (
				16BB224829B7290B00474711 /* Constant.swift */,
				16BB224B29B7294000474711 /* ResponseError.swift */,
			);
			path = Utilities;
			sourceTree = "<group>";
		};
		1832248E07CA91BBD3C6203B /* Pods */ = {
			isa = PBXGroup;
			children = (
				B27C683AE9E5306728326F9B /* Pods-BostaTask.debug.xcconfig */,
				99FF77CEA6EAF1497D1E11A4 /* Pods-BostaTask.release.xcconfig */,
			);
			path = Pods;
			sourceTree = "<group>";
		};
		BB5AAE6F0441E203D32E8489 /* Frameworks */ = {
			isa = PBXGroup;
			children = (
				17D3D55E7181C902523EBEB6 /* Pods_BostaTask.framework */,
			);
			name = Frameworks;
			sourceTree = "<group>";
		};
/* End PBXGroup section */

/* Begin PBXNativeTarget section */
		163AE32829B704EB007CAA6B /* BostaTask */ = {
			isa = PBXNativeTarget;
			buildConfigurationList = 163AE34029B704ED007CAA6B /* Build configuration list for PBXNativeTarget "BostaTask" */;
			buildPhases = (
				2C347CC1521A2B5001AF6FF3 /* [CP] Check Pods Manifest.lock */,
				163AE32529B704EB007CAA6B /* Sources */,
				163AE32629B704EB007CAA6B /* Frameworks */,
				163AE32729B704EB007CAA6B /* Resources */,
				369A0F354321AB316104F0B2 /* [CP] Embed Pods Frameworks */,
			);
			buildRules = (
			);
			dependencies = (
			);
			name = BostaTask;
			packageProductDependencies = (
				16BB222929B70DD200474711 /* Kingfisher */,
				16BB222C29B70E7400474711 /* CombineMoya */,
				16BB222E29B70E7400474711 /* Moya */,
				16BB223029B70E7400474711 /* ReactiveMoya */,
				16BB223229B70E7400474711 /* RxMoya */,
				16B353D329B856F5001059AC /* RxCocoa */,
			);
			productName = BostaTask;
			productReference = 163AE32929B704EB007CAA6B /* BostaTask.app */;
			productType = "com.apple.product-type.application";
		};
/* End PBXNativeTarget section */

/* Begin PBXProject section */
		163AE32129B704EB007CAA6B /* Project object */ = {
			isa = PBXProject;
			attributes = {
				BuildIndependentTargetsInParallel = 1;
				LastSwiftUpdateCheck = 1320;
				LastUpgradeCheck = 1320;
				TargetAttributes = {
					163AE32829B704EB007CAA6B = {
						CreatedOnToolsVersion = 13.2.1;
					};
				};
			};
			buildConfigurationList = 163AE32429B704EB007CAA6B /* Build configuration list for PBXProject "BostaTask" */;
			compatibilityVersion = "Xcode 13.0";
			developmentRegion = en;
			hasScannedForEncodings = 0;
			knownRegions = (
				en,
				Base,
			);
			mainGroup = 163AE32029B704EB007CAA6B;
			packageReferences = (
				16BB222829B70DD200474711 /* XCRemoteSwiftPackageReference "Kingfisher" */,
				16BB222B29B70E7400474711 /* XCRemoteSwiftPackageReference "Moya" */,
				16B353D229B856F5001059AC /* XCRemoteSwiftPackageReference "RxSwift" */,
			);
			productRefGroup = 163AE32A29B704EB007CAA6B /* Products */;
			projectDirPath = "";
			projectRoot = "";
			targets = (
				163AE32829B704EB007CAA6B /* BostaTask */,
			);
		};
/* End PBXProject section */

/* Begin PBXResourcesBuildPhase section */
		163AE32729B704EB007CAA6B /* Resources */ = {
			isa = PBXResourcesBuildPhase;
			buildActionMask = 2147483647;
			files = (
				163AE33C29B704ED007CAA6B /* LaunchScreen.storyboard in Resources */,
				16BB224229B71F3C00474711 /* PhotoCollectionViewCell.xib in Resources */,
				163AE33929B704ED007CAA6B /* Assets.xcassets in Resources */,
				16BB223A29B717C600474711 /* UserAlbumsTableViewCell.xib in Resources */,
				163AE33429B704EB007CAA6B /* Main.storyboard in Resources */,
			);
			runOnlyForDeploymentPostprocessing = 0;
		};
/* End PBXResourcesBuildPhase section */

/* Begin PBXShellScriptBuildPhase section */
		2C347CC1521A2B5001AF6FF3 /* [CP] Check Pods Manifest.lock */ = {
			isa = PBXShellScriptBuildPhase;
			buildActionMask = 2147483647;
			files = (
			);
			inputFileListPaths = (
			);
			inputPaths = (
				"${PODS_PODFILE_DIR_PATH}/Podfile.lock",
				"${PODS_ROOT}/Manifest.lock",
			);
			name = "[CP] Check Pods Manifest.lock";
			outputFileListPaths = (
			);
			outputPaths = (
				"$(DERIVED_FILE_DIR)/Pods-BostaTask-checkManifestLockResult.txt",
			);
			runOnlyForDeploymentPostprocessing = 0;
			shellPath = /bin/sh;
			shellScript = "diff \"${PODS_PODFILE_DIR_PATH}/Podfile.lock\" \"${PODS_ROOT}/Manifest.lock\" > /dev/null\nif [ $? != 0 ] ; then\n    # print error to STDERR\n    echo \"error: The sandbox is not in sync with the Podfile.lock. Run 'pod install' or update your CocoaPods installation.\" >&2\n    exit 1\nfi\n# This output is used by Xcode 'outputs' to avoid re-running this script phase.\necho \"SUCCESS\" > \"${SCRIPT_OUTPUT_FILE_0}\"\n";
			showEnvVarsInLog = 0;
		};
		369A0F354321AB316104F0B2 /* [CP] Embed Pods Frameworks */ = {
			isa = PBXShellScriptBuildPhase;
			buildActionMask = 2147483647;
			files = (
			);
			inputFileListPaths = (
				"${PODS_ROOT}/Target Support Files/Pods-BostaTask/Pods-BostaTask-frameworks-${CONFIGURATION}-input-files.xcfilelist",
			);
			name = "[CP] Embed Pods Frameworks";
			outputFileListPaths = (
				"${PODS_ROOT}/Target Support Files/Pods-BostaTask/Pods-BostaTask-frameworks-${CONFIGURATION}-output-files.xcfilelist",
			);
			runOnlyForDeploymentPostprocessing = 0;
			shellPath = /bin/sh;
			shellScript = "\"${PODS_ROOT}/Target Support Files/Pods-BostaTask/Pods-BostaTask-frameworks.sh\"\n";
			showEnvVarsInLog = 0;
		};
/* End PBXShellScriptBuildPhase section */

/* Begin PBXSourcesBuildPhase section */
		163AE32529B704EB007CAA6B /* Sources */ = {
			isa = PBXSourcesBuildPhase;
			buildActionMask = 2147483647;
			files = (
				16BB225229B72CC200474711 /* Photo.swift in Sources */,
				16BB225029B72CA500474711 /* Album.swift in Sources */,
				16BB225429B73CF000474711 /* UserProfileViewModel.swift in Sources */,
				16BB224729B7289600474711 /* NetworkManager.swift in Sources */,
				16BB223529B7110000474711 /* UserProfileViewController.swift in Sources */,
				163AE32D29B704EB007CAA6B /* AppDelegate.swift in Sources */,
				16BB224529B7288100474711 /* APIServices.swift in Sources */,
				163AE33729B704EB007CAA6B /* BostaTask.xcdatamodeld in Sources */,
				16BB224C29B7294000474711 /* ResponseError.swift in Sources */,
				16B353CC29B8472A001059AC /* AlbumDetailsViewModel.swift in Sources */,
				163AE32F29B704EB007CAA6B /* SceneDelegate.swift in Sources */,
				16BB224129B71F3C00474711 /* PhotoCollectionViewCell.swift in Sources */,
				16BB224E29B72C9200474711 /* User.swift in Sources */,
				16BB224929B7290B00474711 /* Constant.swift in Sources */,
				16BB223D29B71D8400474711 /* AlbumDetailsViewController.swift in Sources */,
				16BB223929B717C600474711 /* UserAlbumsTableViewCell.swift in Sources */,
			);
			runOnlyForDeploymentPostprocessing = 0;
		};
/* End PBXSourcesBuildPhase section */

/* Begin PBXVariantGroup section */
		163AE33229B704EB007CAA6B /* Main.storyboard */ = {
			isa = PBXVariantGroup;
			children = (
				163AE33329B704EB007CAA6B /* Base */,
			);
			name = Main.storyboard;
			sourceTree = "<group>";
		};
		163AE33A29B704ED007CAA6B /* LaunchScreen.storyboard */ = {
			isa = PBXVariantGroup;
			children = (
				163AE33B29B704ED007CAA6B /* Base */,
			);
			name = LaunchScreen.storyboard;
			sourceTree = "<group>";
		};
/* End PBXVariantGroup section */

/* Begin XCBuildConfiguration section */
		163AE33E29B704ED007CAA6B /* Debug */ = {
			isa = XCBuildConfiguration;
			buildSettings = {
				ALWAYS_SEARCH_USER_PATHS = NO;
				CLANG_ANALYZER_NONNULL = YES;
				CLANG_ANALYZER_NUMBER_OBJECT_CONVERSION = YES_AGGRESSIVE;
				CLANG_CXX_LANGUAGE_STANDARD = "gnu++17";
				CLANG_CXX_LIBRARY = "libc++";
				CLANG_ENABLE_MODULES = YES;
				CLANG_ENABLE_OBJC_ARC = YES;
				CLANG_ENABLE_OBJC_WEAK = YES;
				CLANG_WARN_BLOCK_CAPTURE_AUTORELEASING = YES;
				CLANG_WARN_BOOL_CONVERSION = YES;
				CLANG_WARN_COMMA = YES;
				CLANG_WARN_CONSTANT_CONVERSION = YES;
				CLANG_WARN_DEPRECATED_OBJC_IMPLEMENTATIONS = YES;
				CLANG_WARN_DIRECT_OBJC_ISA_USAGE = YES_ERROR;
				CLANG_WARN_DOCUMENTATION_COMMENTS = YES;
				CLANG_WARN_EMPTY_BODY = YES;
				CLANG_WARN_ENUM_CONVERSION = YES;
				CLANG_WARN_INFINITE_RECURSION = YES;
				CLANG_WARN_INT_CONVERSION = YES;
				CLANG_WARN_NON_LITERAL_NULL_CONVERSION = YES;
				CLANG_WARN_OBJC_IMPLICIT_RETAIN_SELF = YES;
				CLANG_WARN_OBJC_LITERAL_CONVERSION = YES;
				CLANG_WARN_OBJC_ROOT_CLASS = YES_ERROR;
				CLANG_WARN_QUOTED_INCLUDE_IN_FRAMEWORK_HEADER = YES;
				CLANG_WARN_RANGE_LOOP_ANALYSIS = YES;
				CLANG_WARN_STRICT_PROTOTYPES = YES;
				CLANG_WARN_SUSPICIOUS_MOVE = YES;
				CLANG_WARN_UNGUARDED_AVAILABILITY = YES_AGGRESSIVE;
				CLANG_WARN_UNREACHABLE_CODE = YES;
				CLANG_WARN__DUPLICATE_METHOD_MATCH = YES;
				COPY_PHASE_STRIP = NO;
				DEBUG_INFORMATION_FORMAT = dwarf;
				ENABLE_STRICT_OBJC_MSGSEND = YES;
				ENABLE_TESTABILITY = YES;
				GCC_C_LANGUAGE_STANDARD = gnu11;
				GCC_DYNAMIC_NO_PIC = NO;
				GCC_NO_COMMON_BLOCKS = YES;
				GCC_OPTIMIZATION_LEVEL = 0;
				GCC_PREPROCESSOR_DEFINITIONS = (
					"DEBUG=1",
					"$(inherited)",
				);
				GCC_WARN_64_TO_32_BIT_CONVERSION = YES;
				GCC_WARN_ABOUT_RETURN_TYPE = YES_ERROR;
				GCC_WARN_UNDECLARED_SELECTOR = YES;
				GCC_WARN_UNINITIALIZED_AUTOS = YES_AGGRESSIVE;
				GCC_WARN_UNUSED_FUNCTION = YES;
				GCC_WARN_UNUSED_VARIABLE = YES;
				IPHONEOS_DEPLOYMENT_TARGET = 15.2;
				MTL_ENABLE_DEBUG_INFO = INCLUDE_SOURCE;
				MTL_FAST_MATH = YES;
				ONLY_ACTIVE_ARCH = YES;
				SDKROOT = iphoneos;
				SWIFT_ACTIVE_COMPILATION_CONDITIONS = DEBUG;
				SWIFT_OPTIMIZATION_LEVEL = "-Onone";
			};
			name = Debug;
		};
		163AE33F29B704ED007CAA6B /* Release */ = {
			isa = XCBuildConfiguration;
			buildSettings = {
				ALWAYS_SEARCH_USER_PATHS = NO;
				CLANG_ANALYZER_NONNULL = YES;
				CLANG_ANALYZER_NUMBER_OBJECT_CONVERSION = YES_AGGRESSIVE;
				CLANG_CXX_LANGUAGE_STANDARD = "gnu++17";
				CLANG_CXX_LIBRARY = "libc++";
				CLANG_ENABLE_MODULES = YES;
				CLANG_ENABLE_OBJC_ARC = YES;
				CLANG_ENABLE_OBJC_WEAK = YES;
				CLANG_WARN_BLOCK_CAPTURE_AUTORELEASING = YES;
				CLANG_WARN_BOOL_CONVERSION = YES;
				CLANG_WARN_COMMA = YES;
				CLANG_WARN_CONSTANT_CONVERSION = YES;
				CLANG_WARN_DEPRECATED_OBJC_IMPLEMENTATIONS = YES;
				CLANG_WARN_DIRECT_OBJC_ISA_USAGE = YES_ERROR;
				CLANG_WARN_DOCUMENTATION_COMMENTS = YES;
				CLANG_WARN_EMPTY_BODY = YES;
				CLANG_WARN_ENUM_CONVERSION = YES;
				CLANG_WARN_INFINITE_RECURSION = YES;
				CLANG_WARN_INT_CONVERSION = YES;
				CLANG_WARN_NON_LITERAL_NULL_CONVERSION = YES;
				CLANG_WARN_OBJC_IMPLICIT_RETAIN_SELF = YES;
				CLANG_WARN_OBJC_LITERAL_CONVERSION = YES;
				CLANG_WARN_OBJC_ROOT_CLASS = YES_ERROR;
				CLANG_WARN_QUOTED_INCLUDE_IN_FRAMEWORK_HEADER = YES;
				CLANG_WARN_RANGE_LOOP_ANALYSIS = YES;
				CLANG_WARN_STRICT_PROTOTYPES = YES;
				CLANG_WARN_SUSPICIOUS_MOVE = YES;
				CLANG_WARN_UNGUARDED_AVAILABILITY = YES_AGGRESSIVE;
				CLANG_WARN_UNREACHABLE_CODE = YES;
				CLANG_WARN__DUPLICATE_METHOD_MATCH = YES;
				COPY_PHASE_STRIP = NO;
				DEBUG_INFORMATION_FORMAT = "dwarf-with-dsym";
				ENABLE_NS_ASSERTIONS = NO;
				ENABLE_STRICT_OBJC_MSGSEND = YES;
				GCC_C_LANGUAGE_STANDARD = gnu11;
				GCC_NO_COMMON_BLOCKS = YES;
				GCC_WARN_64_TO_32_BIT_CONVERSION = YES;
				GCC_WARN_ABOUT_RETURN_TYPE = YES_ERROR;
				GCC_WARN_UNDECLARED_SELECTOR = YES;
				GCC_WARN_UNINITIALIZED_AUTOS = YES_AGGRESSIVE;
				GCC_WARN_UNUSED_FUNCTION = YES;
				GCC_WARN_UNUSED_VARIABLE = YES;
				IPHONEOS_DEPLOYMENT_TARGET = 15.2;
				MTL_ENABLE_DEBUG_INFO = NO;
				MTL_FAST_MATH = YES;
				SDKROOT = iphoneos;
				SWIFT_COMPILATION_MODE = wholemodule;
				SWIFT_OPTIMIZATION_LEVEL = "-O";
				VALIDATE_PRODUCT = YES;
			};
			name = Release;
		};
		163AE34129B704ED007CAA6B /* Debug */ = {
			isa = XCBuildConfiguration;
			baseConfigurationReference = B27C683AE9E5306728326F9B /* Pods-BostaTask.debug.xcconfig */;
			buildSettings = {
				ASSETCATALOG_COMPILER_APPICON_NAME = AppIcon;
				ASSETCATALOG_COMPILER_GLOBAL_ACCENT_COLOR_NAME = AccentColor;
				CODE_SIGN_STYLE = Automatic;
				CURRENT_PROJECT_VERSION = 1;
				GENERATE_INFOPLIST_FILE = YES;
				INFOPLIST_FILE = BostaTask/Info.plist;
				INFOPLIST_KEY_UIApplicationSupportsIndirectInputEvents = YES;
				INFOPLIST_KEY_UILaunchStoryboardName = LaunchScreen;
				INFOPLIST_KEY_UIMainStoryboardFile = Main;
				INFOPLIST_KEY_UISupportedInterfaceOrientations_iPad = "UIInterfaceOrientationPortrait UIInterfaceOrientationPortraitUpsideDown UIInterfaceOrientationLandscapeLeft UIInterfaceOrientationLandscapeRight";
				INFOPLIST_KEY_UISupportedInterfaceOrientations_iPhone = "UIInterfaceOrientationPortrait UIInterfaceOrientationLandscapeLeft UIInterfaceOrientationLandscapeRight";
				LD_RUNPATH_SEARCH_PATHS = (
					"$(inherited)",
					"@executable_path/Frameworks",
				);
				MARKETING_VERSION = 1.0;
				PRODUCT_BUNDLE_IDENTIFIER = Hack.BostaTask;
				PRODUCT_NAME = "$(TARGET_NAME)";
				SWIFT_EMIT_LOC_STRINGS = YES;
				SWIFT_VERSION = 5.0;
				TARGETED_DEVICE_FAMILY = "1,2";
			};
			name = Debug;
		};
		163AE34229B704ED007CAA6B /* Release */ = {
			isa = XCBuildConfiguration;
			baseConfigurationReference = 99FF77CEA6EAF1497D1E11A4 /* Pods-BostaTask.release.xcconfig */;
			buildSettings = {
				ASSETCATALOG_COMPILER_APPICON_NAME = AppIcon;
				ASSETCATALOG_COMPILER_GLOBAL_ACCENT_COLOR_NAME = AccentColor;
				CODE_SIGN_STYLE = Automatic;
				CURRENT_PROJECT_VERSION = 1;
				GENERATE_INFOPLIST_FILE = YES;
				INFOPLIST_FILE = BostaTask/Info.plist;
				INFOPLIST_KEY_UIApplicationSupportsIndirectInputEvents = YES;
				INFOPLIST_KEY_UILaunchStoryboardName = LaunchScreen;
				INFOPLIST_KEY_UIMainStoryboardFile = Main;
				INFOPLIST_KEY_UISupportedInterfaceOrientations_iPad = "UIInterfaceOrientationPortrait UIInterfaceOrientationPortraitUpsideDown UIInterfaceOrientationLandscapeLeft UIInterfaceOrientationLandscapeRight";
				INFOPLIST_KEY_UISupportedInterfaceOrientations_iPhone = "UIInterfaceOrientationPortrait UIInterfaceOrientationLandscapeLeft UIInterfaceOrientationLandscapeRight";
				LD_RUNPATH_SEARCH_PATHS = (
					"$(inherited)",
					"@executable_path/Frameworks",
				);
				MARKETING_VERSION = 1.0;
				PRODUCT_BUNDLE_IDENTIFIER = Hack.BostaTask;
				PRODUCT_NAME = "$(TARGET_NAME)";
				SWIFT_EMIT_LOC_STRINGS = YES;
				SWIFT_VERSION = 5.0;
				TARGETED_DEVICE_FAMILY = "1,2";
			};
			name = Release;
		};
/* End XCBuildConfiguration section */

/* Begin XCConfigurationList section */
		163AE32429B704EB007CAA6B /* Build configuration list for PBXProject "BostaTask" */ = {
			isa = XCConfigurationList;
			buildConfigurations = (
				163AE33E29B704ED007CAA6B /* Debug */,
				163AE33F29B704ED007CAA6B /* Release */,
			);
			defaultConfigurationIsVisible = 0;
			defaultConfigurationName = Release;
		};
		163AE34029B704ED007CAA6B /* Build configuration list for PBXNativeTarget "BostaTask" */ = {
			isa = XCConfigurationList;
			buildConfigurations = (
				163AE34129B704ED007CAA6B /* Debug */,
				163AE34229B704ED007CAA6B /* Release */,
			);
			defaultConfigurationIsVisible = 0;
			defaultConfigurationName = Release;
		};
/* End XCConfigurationList section */

/* Begin XCRemoteSwiftPackageReference section */
		16B353D229B856F5001059AC /* XCRemoteSwiftPackageReference "RxSwift" */ = {
			isa = XCRemoteSwiftPackageReference;
			repositoryURL = "https://github.com/ReactiveX/RxSwift.git";
			requirement = {
				kind = upToNextMinorVersion;
				minimumVersion = 6.5.0;
			};
		};
		16BB222829B70DD200474711 /* XCRemoteSwiftPackageReference "Kingfisher" */ = {
			isa = XCRemoteSwiftPackageReference;
			repositoryURL = "https://github.com/onevcat/Kingfisher.git";
			requirement = {
				kind = upToNextMajorVersion;
				minimumVersion = 7.0.0;
			};
		};
		16BB222B29B70E7400474711 /* XCRemoteSwiftPackageReference "Moya" */ = {
			isa = XCRemoteSwiftPackageReference;
			repositoryURL = "https://github.com/Moya/Moya.git";
			requirement = {
				kind = upToNextMajorVersion;
				minimumVersion = 15.0.0;
			};
		};
/* End XCRemoteSwiftPackageReference section */

/* Begin XCSwiftPackageProductDependency section */
		16B353D329B856F5001059AC /* RxCocoa */ = {
			isa = XCSwiftPackageProductDependency;
			package = 16B353D229B856F5001059AC /* XCRemoteSwiftPackageReference "RxSwift" */;
			productName = RxCocoa;
		};
		16BB222929B70DD200474711 /* Kingfisher */ = {
			isa = XCSwiftPackageProductDependency;
			package = 16BB222829B70DD200474711 /* XCRemoteSwiftPackageReference "Kingfisher" */;
			productName = Kingfisher;
		};
		16BB222C29B70E7400474711 /* CombineMoya */ = {
			isa = XCSwiftPackageProductDependency;
			package = 16BB222B29B70E7400474711 /* XCRemoteSwiftPackageReference "Moya" */;
			productName = CombineMoya;
		};
		16BB222E29B70E7400474711 /* Moya */ = {
			isa = XCSwiftPackageProductDependency;
			package = 16BB222B29B70E7400474711 /* XCRemoteSwiftPackageReference "Moya" */;
			productName = Moya;
		};
		16BB223029B70E7400474711 /* ReactiveMoya */ = {
			isa = XCSwiftPackageProductDependency;
			package = 16BB222B29B70E7400474711 /* XCRemoteSwiftPackageReference "Moya" */;
			productName = ReactiveMoya;
		};
		16BB223229B70E7400474711 /* RxMoya */ = {
			isa = XCSwiftPackageProductDependency;
			package = 16BB222B29B70E7400474711 /* XCRemoteSwiftPackageReference "Moya" */;
			productName = RxMoya;
		};
/* End XCSwiftPackageProductDependency section */

/* Begin XCVersionGroup section */
		163AE33529B704EB007CAA6B /* BostaTask.xcdatamodeld */ = {
			isa = XCVersionGroup;
			children = (
				163AE33629B704EB007CAA6B /* BostaTask.xcdatamodel */,
			);
			currentVersion = 163AE33629B704EB007CAA6B /* BostaTask.xcdatamodel */;
			path = BostaTask.xcdatamodeld;
			sourceTree = "<group>";
			versionGroupType = wrapper.xcdatamodel;
		};
/* End XCVersionGroup section */
	};
	rootObject = 163AE32129B704EB007CAA6B /* Project object */;
}
